
Microsoft Visual Studio Solution File, Format Version 12.00
# Visual Studio Version 17
VisualStudioVersion = 17.13.35931.197 d17.13
MinimumVisualStudioVersion = 10.0.40219.1
Project("{C9674DCB-5085-4A16-B785-4C70DD1589BD}") = "Practica_1", "Practica_1\Practica_1.dtproj", "{DB7CD948-88DD-A8EE-2AB4-1DC362389077}"
EndProject
Global
	GlobalSection(SolutionConfigurationPlatforms) = preSolution
		Development|Default = Development|Default
	EndGlobalSection
	GlobalSection(ProjectConfigurationPlatforms) = postSolution
		{DB7CD948-88DD-A8EE-2AB4-1DC362389077}.Development|Default.ActiveCfg = Development
		{DB7CD948-88DD-A8EE-2AB4-1DC362389077}.Development|Default.Build.0 = Development
	EndGlobalSection
	GlobalSection(SolutionProperties) = preSolution
		HideSolutionNode = FALSE
	EndGlobalSection
	GlobalSection(ExtensibilityGlobals) = postSolution
		SolutionGuid = {ADAF2C27-4174-4243-8EF0-E267D32E0BC2}
	EndGlobalSection
EndGlobal
